// !$*UTF8*$!
{
	archiveVersion = 1;
	classes = {
	};
	objectVersion = 46;
	objects = {

/* Begin PBXBuildFile section */
		9A05BE8B1E7EABCA00187F7B /* AppDelegate.swift in Sources */ = {isa = PBXBuildFile; fileRef = 9A05BE8A1E7EABCA00187F7B /* AppDelegate.swift */; };
		9A05BE8D1E7EABCA00187F7B /* ViewController.swift in Sources */ = {isa = PBXBuildFile; fileRef = 9A05BE8C1E7EABCA00187F7B /* ViewController.swift */; };
		9A05BE901E7EABCB00187F7B /* Main.storyboard in Resources */ = {isa = PBXBuildFile; fileRef = 9A05BE8E1E7EABCB00187F7B /* Main.storyboard */; };
		9A05BE921E7EABCB00187F7B /* Assets.xcassets in Resources */ = {isa = PBXBuildFile; fileRef = 9A05BE911E7EABCB00187F7B /* Assets.xcassets */; };
		9A05BE951E7EABCB00187F7B /* LaunchScreen.storyboard in Resources */ = {isa = PBXBuildFile; fileRef = 9A05BE931E7EABCB00187F7B /* LaunchScreen.storyboard */; };
		9A5E47B21E80629000291FBA /* Checkmark-50.png in Resources */ = {isa = PBXBuildFile; fileRef = 9A5E47AD1E80628F00291FBA /* Checkmark-50.png */; };
		9A5E47C11E80659C00291FBA /* countries.json in Resources */ = {isa = PBXBuildFile; fileRef = 9A5E47BE1E80659C00291FBA /* countries.json */; };
		9A5E47C21E80659C00291FBA /* states.json in Resources */ = {isa = PBXBuildFile; fileRef = 9A5E47BF1E80659C00291FBA /* states.json */; };
		9A5E47C51E8067AC00291FBA /* WorldLocation.swift in Sources */ = {isa = PBXBuildFile; fileRef = 9A5E47C41E8067AC00291FBA /* WorldLocation.swift */; };
		9A5E47C71E8067DD00291FBA /* SearchAndFindCell.swift in Sources */ = {isa = PBXBuildFile; fileRef = 9A5E47C61E8067DD00291FBA /* SearchAndFindCell.swift */; };
		9A5E47C91E80680F00291FBA /* SearchAndFindPicker.swift in Sources */ = {isa = PBXBuildFile; fileRef = 9A5E47C81E80680F00291FBA /* SearchAndFindPicker.swift */; };
		9A5E47CB1E80681D00291FBA /* SearchAndFindPicker.storyboard in Resources */ = {isa = PBXBuildFile; fileRef = 9A5E47CA1E80681D00291FBA /* SearchAndFindPicker.storyboard */; };
		9A8D32D61E89288A00ECE20A /* cities.json in Resources */ = {isa = PBXBuildFile; fileRef = 9A8D32D51E89288A00ECE20A /* cities.json */; };
		9A8D32D81E892BCA00ECE20A /* Extension.swift in Sources */ = {isa = PBXBuildFile; fileRef = 9A8D32D71E892BCA00ECE20A /* Extension.swift */; };
/* End PBXBuildFile section */

/* Begin PBXFileReference section */
		9A05BE871E7EABCA00187F7B /* WorldLocationPicker.app */ = {isa = PBXFileReference; explicitFileType = wrapper.application; includeInIndex = 0; path = WorldLocationPicker.app; sourceTree = BUILT_PRODUCTS_DIR; };
		9A05BE8A1E7EABCA00187F7B /* AppDelegate.swift */ = {isa = PBXFileReference; lastKnownFileType = sourcecode.swift; path = AppDelegate.swift; sourceTree = "<group>"; };
		9A05BE8C1E7EABCA00187F7B /* ViewController.swift */ = {isa = PBXFileReference; lastKnownFileType = sourcecode.swift; path = ViewController.swift; sourceTree = "<group>"; };
		9A05BE8F1E7EABCB00187F7B /* Base */ = {isa = PBXFileReference; lastKnownFileType = file.storyboard; name = Base; path = Base.lproj/Main.storyboard; sourceTree = "<group>"; };
		9A05BE911E7EABCB00187F7B /* Assets.xcassets */ = {isa = PBXFileReference; lastKnownFileType = folder.assetcatalog; path = Assets.xcassets; sourceTree = "<group>"; };
		9A05BE941E7EABCB00187F7B /* Base */ = {isa = PBXFileReference; lastKnownFileType = file.storyboard; name = Base; path = Base.lproj/LaunchScreen.storyboard; sourceTree = "<group>"; };
		9A05BE961E7EABCB00187F7B /* Info.plist */ = {isa = PBXFileReference; lastKnownFileType = text.plist.xml; path = Info.plist; sourceTree = "<group>"; };
		9A5E47AD1E80628F00291FBA /* Checkmark-50.png */ = {isa = PBXFileReference; lastKnownFileType = image.png; path = "Checkmark-50.png"; sourceTree = "<group>"; };
		9A5E47BE1E80659C00291FBA /* countries.json */ = {isa = PBXFileReference; fileEncoding = 4; lastKnownFileType = text.json; path = countries.json; sourceTree = "<group>"; };
		9A5E47BF1E80659C00291FBA /* states.json */ = {isa = PBXFileReference; fileEncoding = 4; lastKnownFileType = text.json; path = states.json; sourceTree = "<group>"; };
		9A5E47C41E8067AC00291FBA /* WorldLocation.swift */ = {isa = PBXFileReference; fileEncoding = 4; lastKnownFileType = sourcecode.swift; path = WorldLocation.swift; sourceTree = "<group>"; };
		9A5E47C61E8067DD00291FBA /* SearchAndFindCell.swift */ = {isa = PBXFileReference; fileEncoding = 4; lastKnownFileType = sourcecode.swift; path = SearchAndFindCell.swift; sourceTree = "<group>"; };
		9A5E47C81E80680F00291FBA /* SearchAndFindPicker.swift */ = {isa = PBXFileReference; fileEncoding = 4; lastKnownFileType = sourcecode.swift; path = SearchAndFindPicker.swift; sourceTree = "<group>"; };
		9A5E47CA1E80681D00291FBA /* SearchAndFindPicker.storyboard */ = {isa = PBXFileReference; fileEncoding = 4; lastKnownFileType = file.storyboard; path = SearchAndFindPicker.storyboard; sourceTree = "<group>"; };
		9A8D32D51E89288A00ECE20A /* cities.json */ = {isa = PBXFileReference; fileEncoding = 4; lastKnownFileType = text.json; path = cities.json; sourceTree = "<group>"; };
		9A8D32D71E892BCA00ECE20A /* Extension.swift */ = {isa = PBXFileReference; fileEncoding = 4; lastKnownFileType = sourcecode.swift; path = Extension.swift; sourceTree = "<group>"; };
/* End PBXFileReference section */

/* Begin PBXFrameworksBuildPhase section */
		9A05BE841E7EABCA00187F7B /* Frameworks */ = {
			isa = PBXFrameworksBuildPhase;
			buildActionMask = 2147483647;
			files = (
			);
			runOnlyForDeploymentPostprocessing = 0;
		};
/* End PBXFrameworksBuildPhase section */

/* Begin PBXGroup section */
		9A05BE7E1E7EABCA00187F7B = {
			isa = PBXGroup;
			children = (
				9A05BE891E7EABCA00187F7B /* WorldLocationPicker */,
				9A05BE881E7EABCA00187F7B /* Products */,
			);
			sourceTree = "<group>";
		};
		9A05BE881E7EABCA00187F7B /* Products */ = {
			isa = PBXGroup;
			children = (
				9A05BE871E7EABCA00187F7B /* WorldLocationPicker.app */,
			);
			name = Products;
			sourceTree = "<group>";
		};
		9A05BE891E7EABCA00187F7B /* WorldLocationPicker */ = {
			isa = PBXGroup;
			children = (
				9A5E47BD1E80659C00291FBA /* WorldLocation */,
				9A5E47AB1E80628F00291FBA /* SearchAndFindPickerSource */,
				9A05BE8A1E7EABCA00187F7B /* AppDelegate.swift */,
				9A05BE8C1E7EABCA00187F7B /* ViewController.swift */,
				9A05BE8E1E7EABCB00187F7B /* Main.storyboard */,
				9A05BE911E7EABCB00187F7B /* Assets.xcassets */,
				9A05BE931E7EABCB00187F7B /* LaunchScreen.storyboard */,
				9A05BE961E7EABCB00187F7B /* Info.plist */,
			);
			path = WorldLocationPicker;
			sourceTree = "<group>";
		};
		9A5E47AB1E80628F00291FBA /* SearchAndFindPickerSource */ = {
			isa = PBXGroup;
			children = (
				9A5E47AD1E80628F00291FBA /* Checkmark-50.png */,
				9A5E47C61E8067DD00291FBA /* SearchAndFindCell.swift */,
				9A5E47C81E80680F00291FBA /* SearchAndFindPicker.swift */,
				9A5E47CA1E80681D00291FBA /* SearchAndFindPicker.storyboard */,
				9A8D32D71E892BCA00ECE20A /* Extension.swift */,
			);
			path = SearchAndFindPickerSource;
			sourceTree = "<group>";
		};
		9A5E47BD1E80659C00291FBA /* WorldLocation */ = {
			isa = PBXGroup;
			children = (
				9A5E47C41E8067AC00291FBA /* WorldLocation.swift */,
				9A5E47BE1E80659C00291FBA /* countries.json */,
				9A5E47BF1E80659C00291FBA /* states.json */,
				9A8D32D51E89288A00ECE20A /* cities.json */,
			);
			path = WorldLocation;
			sourceTree = "<group>";
		};
/* End PBXGroup section */

/* Begin PBXNativeTarget section */
		9A05BE861E7EABCA00187F7B /* WorldLocationPicker */ = {
			isa = PBXNativeTarget;
			buildConfigurationList = 9A05BE991E7EABCB00187F7B /* Build configuration list for PBXNativeTarget "WorldLocationPicker" */;
			buildPhases = (
				9A05BE831E7EABCA00187F7B /* Sources */,
				9A05BE841E7EABCA00187F7B /* Frameworks */,
				9A05BE851E7EABCA00187F7B /* Resources */,
			);
			buildRules = (
			);
			dependencies = (
			);
			name = WorldLocationPicker;
			productName = WorldLocationPicker;
			productReference = 9A05BE871E7EABCA00187F7B /* WorldLocationPicker.app */;
			productType = "com.apple.product-type.application";
		};
/* End PBXNativeTarget section */

/* Begin PBXProject section */
		9A05BE7F1E7EABCA00187F7B /* Project object */ = {
			isa = PBXProject;
			attributes = {
				LastSwiftUpdateCheck = 0820;
				LastUpgradeCheck = 0820;
				ORGANIZATIONNAME = "Malik Wahaj Ahmed";
				TargetAttributes = {
					9A05BE861E7EABCA00187F7B = {
						CreatedOnToolsVersion = 8.2.1;
						ProvisioningStyle = Automatic;
					};
				};
			};
			buildConfigurationList = 9A05BE821E7EABCA00187F7B /* Build configuration list for PBXProject "WorldLocationPicker" */;
			compatibilityVersion = "Xcode 3.2";
			developmentRegion = English;
			hasScannedForEncodings = 0;
			knownRegions = (
				en,
				Base,
			);
			mainGroup = 9A05BE7E1E7EABCA00187F7B;
			productRefGroup = 9A05BE881E7EABCA00187F7B /* Products */;
			projectDirPath = "";
			projectRoot = "";
			targets = (
				9A05BE861E7EABCA00187F7B /* WorldLocationPicker */,
			);
		};
/* End PBXProject section */

/* Begin PBXResourcesBuildPhase section */
		9A05BE851E7EABCA00187F7B /* Resources */ = {
			isa = PBXResourcesBuildPhase;
			buildActionMask = 2147483647;
			files = (
				9A05BE951E7EABCB00187F7B /* LaunchScreen.storyboard in Resources */,
				9A05BE921E7EABCB00187F7B /* Assets.xcassets in Resources */,
				9A05BE901E7EABCB00187F7B /* Main.storyboard in Resources */,
				9A5E47C11E80659C00291FBA /* countries.json in Resources */,
				9A5E47CB1E80681D00291FBA /* SearchAndFindPicker.storyboard in Resources */,
				9A8D32D61E89288A00ECE20A /* cities.json in Resources */,
				9A5E47B21E80629000291FBA /* Checkmark-50.png in Resources */,
				9A5E47C21E80659C00291FBA /* states.json in Resources */,
			);
			runOnlyForDeploymentPostprocessing = 0;
		};
/* End PBXResourcesBuildPhase section */

/* Begin PBXSourcesBuildPhase section */
		9A05BE831E7EABCA00187F7B /* Sources */ = {
			isa = PBXSourcesBuildPhase;
			buildActionMask = 2147483647;
			files = (
				9A5E47C71E8067DD00291FBA /* SearchAndFindCell.swift in Sources */,
				9A5E47C91E80680F00291FBA /* SearchAndFindPicker.swift in Sources */,
				9A5E47C51E8067AC00291FBA /* WorldLocation.swift in Sources */,
				9A8D32D81E892BCA00ECE20A /* Extension.swift in Sources */,
				9A05BE8D1E7EABCA00187F7B /* ViewController.swift in Sources */,
				9A05BE8B1E7EABCA00187F7B /* AppDelegate.swift in Sources */,
			);
			runOnlyForDeploymentPostprocessing = 0;
		};
/* End PBXSourcesBuildPhase section */

/* Begin PBXVariantGroup section */
		9A05BE8E1E7EABCB00187F7B /* Main.storyboard */ = {
			isa = PBXVariantGroup;
			children = (
				9A05BE8F1E7EABCB00187F7B /* Base */,
			);
			name = Main.storyboard;
			sourceTree = "<group>";
		};
		9A05BE931E7EABCB00187F7B /* LaunchScreen.storyboard */ = {
			isa = PBXVariantGroup;
			children = (
				9A05BE941E7EABCB00187F7B /* Base */,
			);
			name = LaunchScreen.storyboard;
			sourceTree = "<group>";
		};
/* End PBXVariantGroup section */

/* Begin XCBuildConfiguration section */
		9A05BE971E7EABCB00187F7B /* Debug */ = {
			isa = XCBuildConfiguration;
			buildSettings = {
				ALWAYS_SEARCH_USER_PATHS = NO;
				CLANG_ANALYZER_NONNULL = YES;
				CLANG_CXX_LANGUAGE_STANDARD = "gnu++0x";
				CLANG_CXX_LIBRARY = "libc++";
				CLANG_ENABLE_MODULES = YES;
				CLANG_ENABLE_OBJC_ARC = YES;
				CLANG_WARN_BOOL_CONVERSION = YES;
				CLANG_WARN_CONSTANT_CONVERSION = YES;
				CLANG_WARN_DIRECT_OBJC_ISA_USAGE = YES_ERROR;
				CLANG_WARN_DOCUMENTATION_COMMENTS = YES;
				CLANG_WARN_EMPTY_BODY = YES;
				CLANG_WARN_ENUM_CONVERSION = YES;
				CLANG_WARN_INFINITE_RECURSION = YES;
				CLANG_WARN_INT_CONVERSION = YES;
				CLANG_WARN_OBJC_ROOT_CLASS = YES_ERROR;
				CLANG_WARN_SUSPICIOUS_MOVE = YES;
				CLANG_WARN_UNREACHABLE_CODE = YES;
				CLANG_WARN__DUPLICATE_METHOD_MATCH = YES;
				"CODE_SIGN_IDENTITY[sdk=iphoneos*]" = "iPhone Developer";
				COPY_PHASE_STRIP = NO;
				DEBUG_INFORMATION_FORMAT = dwarf;
				ENABLE_STRICT_OBJC_MSGSEND = YES;
				ENABLE_TESTABILITY = YES;
				GCC_C_LANGUAGE_STANDARD = gnu99;
				GCC_DYNAMIC_NO_PIC = NO;
				GCC_NO_COMMON_BLOCKS = YES;
				GCC_OPTIMIZATION_LEVEL = 0;
				GCC_PREPROCESSOR_DEFINITIONS = (
					"DEBUG=1",
					"$(inherited)",
				);
				GCC_WARN_64_TO_32_BIT_CONVERSION = YES;
				GCC_WARN_ABOUT_RETURN_TYPE = YES_ERROR;
				GCC_WARN_UNDECLARED_SELECTOR = YES;
				GCC_WARN_UNINITIALIZED_AUTOS = YES_AGGRESSIVE;
				GCC_WARN_UNUSED_FUNCTION = YES;
				GCC_WARN_UNUSED_VARIABLE = YES;
				IPHONEOS_DEPLOYMENT_TARGET = 10.2;
				MTL_ENABLE_DEBUG_INFO = YES;
				ONLY_ACTIVE_ARCH = YES;
				SDKROOT = iphoneos;
				SWIFT_ACTIVE_COMPILATION_CONDITIONS = DEBUG;
				SWIFT_OPTIMIZATION_LEVEL = "-Onone";
				TARGETED_DEVICE_FAMILY = "1,2";
			};
			name = Debug;
		};
		9A05BE981E7EABCB00187F7B /* Release */ = {
			isa = XCBuildConfiguration;
			buildSettings = {
				ALWAYS_SEARCH_USER_PATHS = NO;
				CLANG_ANALYZER_NONNULL = YES;
				CLANG_CXX_LANGUAGE_STANDARD = "gnu++0x";
				CLANG_CXX_LIBRARY = "libc++";
				CLANG_ENABLE_MODULES = YES;
				CLANG_ENABLE_OBJC_ARC = YES;
				CLANG_WARN_BOOL_CONVERSION = YES;
				CLANG_WARN_CONSTANT_CONVERSION = YES;
				CLANG_WARN_DIRECT_OBJC_ISA_USAGE = YES_ERROR;
				CLANG_WARN_DOCUMENTATION_COMMENTS = YES;
				CLANG_WARN_EMPTY_BODY = YES;
				CLANG_WARN_ENUM_CONVERSION = YES;
				CLANG_WARN_INFINITE_RECURSION = YES;
				CLANG_WARN_INT_CONVERSION = YES;
				CLANG_WARN_OBJC_ROOT_CLASS = YES_ERROR;
				CLANG_WARN_SUSPICIOUS_MOVE = YES;
				CLANG_WARN_UNREACHABLE_CODE = YES;
				CLANG_WARN__DUPLICATE_METHOD_MATCH = YES;
				"CODE_SIGN_IDENTITY[sdk=iphoneos*]" = "iPhone Developer";
				COPY_PHASE_STRIP = NO;
				DEBUG_INFORMATION_FORMAT = "dwarf-with-dsym";
				ENABLE_NS_ASSERTIONS = NO;
				ENABLE_STRICT_OBJC_MSGSEND = YES;
				GCC_C_LANGUAGE_STANDARD = gnu99;
				GCC_NO_COMMON_BLOCKS = YES;
				GCC_WARN_64_TO_32_BIT_CONVERSION = YES;
				GCC_WARN_ABOUT_RETURN_TYPE = YES_ERROR;
				GCC_WARN_UNDECLARED_SELECTOR = YES;
				GCC_WARN_UNINITIALIZED_AUTOS = YES_AGGRESSIVE;
				GCC_WARN_UNUSED_FUNCTION = YES;
				GCC_WARN_UNUSED_VARIABLE = YES;
				IPHONEOS_DEPLOYMENT_TARGET = 10.2;
				MTL_ENABLE_DEBUG_INFO = NO;
				SDKROOT = iphoneos;
				SWIFT_OPTIMIZATION_LEVEL = "-Owholemodule";
				TARGETED_DEVICE_FAMILY = "1,2";
				VALIDATE_PRODUCT = YES;
			};
			name = Release;
		};
		9A05BE9A1E7EABCB00187F7B /* Debug */ = {
			isa = XCBuildConfiguration;
			buildSettings = {
				ASSETCATALOG_COMPILER_APPICON_NAME = AppIcon;
				INFOPLIST_FILE = WorldLocationPicker/Info.plist;
				IPHONEOS_DEPLOYMENT_TARGET = 9.0;
				LD_RUNPATH_SEARCH_PATHS = "$(inherited) @executable_path/Frameworks";
				PRODUCT_BUNDLE_IDENTIFIER = com.app.WorldLocationPicker;
				PRODUCT_NAME = "$(TARGET_NAME)";
				SWIFT_VERSION = 3.0;
			};
			name = Debug;
		};
		9A05BE9B1E7EABCB00187F7B /* Release */ = {
			isa = XCBuildConfiguration;
			buildSettings = {
				ASSETCATALOG_COMPILER_APPICON_NAME = AppIcon;
				INFOPLIST_FILE = WorldLocationPicker/Info.plist;
				IPHONEOS_DEPLOYMENT_TARGET = 9.0;
				LD_RUNPATH_SEARCH_PATHS = "$(inherited) @executable_path/Frameworks";
				PRODUCT_BUNDLE_IDENTIFIER = com.app.WorldLocationPicker;
				PRODUCT_NAME = "$(TARGET_NAME)";
				SWIFT_VERSION = 3.0;
			};
			name = Release;
		};
/* End XCBuildConfiguration section */

/* Begin XCConfigurationList section */
		9A05BE821E7EABCA00187F7B /* Build configuration list for PBXProject "WorldLocationPicker" */ = {
			isa = XCConfigurationList;
			buildConfigurations = (
				9A05BE971E7EABCB00187F7B /* Debug */,
				9A05BE981E7EABCB00187F7B /* Release */,
			);
			defaultConfigurationIsVisible = 0;
			defaultConfigurationName = Release;
		};
		9A05BE991E7EABCB00187F7B /* Build configuration list for PBXNativeTarget "WorldLocationPicker" */ = {
			isa = XCConfigurationList;
			buildConfigurations = (
				9A05BE9A1E7EABCB00187F7B /* Debug */,
				9A05BE9B1E7EABCB00187F7B /* Release */,
			);
			defaultConfigurationIsVisible = 0;
			defaultConfigurationName = Release;
		};
/* End XCConfigurationList section */
	};
	rootObject = 9A05BE7F1E7EABCA00187F7B /* Project object */;
}
